
Microsoft Visual Studio Solution File, Format Version 12.00
# Visual Studio Version 17
VisualStudioVersion = 17.12.35527.113
MinimumVisualStudioVersion = 10.0.40219.1
Project("{FAE04EC0-301F-11D3-BF4B-00C04F79EFBC}") = "MusicStore", "MusicStore\MusicStore.csproj", "{0A7FC34A-04DC-4077-9980-8B6D73DD0B90}"
EndProject
Project("{E53339B2-1760-4266-BCC7-CA923CBCF16C}") = "docker-compose", "docker-compose.dcproj", "{5D37AD0B-41F8-4084-B99B-2BFA16C3D448}"
EndProject
Global
	GlobalSection(SolutionConfigurationPlatforms) = preSolution
		Debug|Any CPU = Debug|Any CPU
		Release|Any CPU = Release|Any CPU
	EndGlobalSection
	GlobalSection(ProjectConfigurationPlatforms) = postSolution
		{0A7FC34A-04DC-4077-9980-8B6D73DD0B90}.Debug|Any CPU.ActiveCfg = Debug|Any CPU
		{0A7FC34A-04DC-4077-9980-8B6D73DD0B90}.Debug|Any CPU.Build.0 = Debug|Any CPU
		{0A7FC34A-04DC-4077-9980-8B6D73DD0B90}.Release|Any CPU.ActiveCfg = Release|Any CPU
		{0A7FC34A-04DC-4077-9980-8B6D73DD0B90}.Release|Any CPU.Build.0 = Release|Any CPU
		{5D37AD0B-41F8-4084-B99B-2BFA16C3D448}.Debug|Any CPU.ActiveCfg = Debug|Any CPU
		{5D37AD0B-41F8-4084-B99B-2BFA16C3D448}.Debug|Any CPU.Build.0 = Debug|Any CPU
		{5D37AD0B-41F8-4084-B99B-2BFA16C3D448}.Release|Any CPU.ActiveCfg = Release|Any CPU
		{5D37AD0B-41F8-4084-B99B-2BFA16C3D448}.Release|Any CPU.Build.0 = Release|Any CPU
	EndGlobalSection
	GlobalSection(SolutionProperties) = preSolution
		HideSolutionNode = FALSE
	EndGlobalSection
EndGlobal
